{
  "originHash" : "e97bd80d6e6250d3cc4558fb0ab6cfad926435bd62affdd38b2fdd2ac26608b8",
  "pins" : [
    {
      "identity" : "swift-cloudflared",
      "kind" : "remoteSourceControl",
      "location" : "https://github.com/wiedymi/swift-cloudflared.git",
      "state" : {
        "revision" : "1be78afe5dae7a20ce0837ce34085f03a77f7587",
        "version" : "0.1.2"
      }
    },
    {
      "identity" : "swift-mosh",
      "kind" : "remoteSourceControl",
      "location" : "https://github.com/wiedymi/swift-mosh",
      "state" : {
        "revision" : "bb4eacdf65303b2ecce624a91e98298c4ee94fca",
        "version" : "0.1.6"
      }
    },
    {
      "identity" : "swift-umami",
      "kind" : "remoteSourceControl",
      "location" : "https://github.com/wiedymi/swift-umami",
      "state" : {
        "branch" : "main",
        "revision" : "e7a14c16d745ec1d7e4355f35407f8407808475a"
      }
    },
    {
      "identity" : "tweetnacl-swiftwrap",
      "kind" : "remoteSourceControl",
      "location" : "https://github.com/bitmark-inc/tweetnacl-swiftwrap.git",
      "state" : {
        "revision" : "f8fd111642bf2336b11ef9ea828510693106e954",
        "version" : "1.1.0"
      }
    },
    {
      "identity" : "zipfoundation",
      "kind" : "remoteSourceControl",
      "location" : "https://github.com/weichsel/ZIPFoundation.git",
      "state" : {
        "revision" : "edbeaa39b426e54702194b0a601342322f01e400",
        "version" : "0.9.9"
      }
    }
  ],
  "version" : 3
}
