{
  "originHash" : "926098b5333ec88a7da0cafcb914a34f63631dece9d8e4a78f12628abbafd123",
  "pins" : [
    {
      "identity" : "swift-mosh",
      "kind" : "remoteSourceControl",
      "location" : "https://github.com/wiedymi/swift-mosh",
      "state" : {
        "revision" : "bb4eacdf65303b2ecce624a91e98298c4ee94fca",
        "version" : "0.1.6"
      }
    },
    {
      "identity" : "zipfoundation",
      "kind" : "remoteSourceControl",
      "location" : "https://github.com/weichsel/ZIPFoundation.git",
      "state" : {
        "revision" : "edbeaa39b426e54702194b0a601342322f01e400",
        "version" : "0.9.9"
      }
    }
  ],
  "version" : 3
}
