// !$*UTF8*$!
{
	archiveVersion = 1;
	classes = {
	};
	objectVersion = 77;
	objects = {

/* Begin PBXBuildFile section */
		4FB0ED9B3F04FE89CE2BD32E /* VVTermLiveActivity.appex in Embed Foundation Extensions */ = {isa = PBXBuildFile; fileRef = F3220D94C71F0D68A0DF623E /* VVTermLiveActivity.appex */; platformFilter = ios; settings = {ATTRIBUTES = (RemoveHeadersOnCopy, ); }; };
		82B734D4923B7DD325984127 /* ZIPFoundation in Frameworks */ = {isa = PBXBuildFile; productRef = 1853ABB6CF8195DF93B55895 /* ZIPFoundation */; };
		8E5D7C9695EF4C72AD9AB276 /* AppIntents.framework in Frameworks */ = {isa = PBXBuildFile; fileRef = A089872E7F6345088D2FA637 /* AppIntents.framework */; };
		D1A7B0C12EAB100100A00001 /* MoshCore in Frameworks */ = {isa = PBXBuildFile; productRef = D1A7B0C12EAB100100A00011 /* MoshCore */; };
		D1A7B0C12EAB100100A00002 /* MoshBootstrap in Frameworks */ = {isa = PBXBuildFile; productRef = D1A7B0C12EAB100100A00012 /* MoshBootstrap */; };
		D2C4F00131AA100100B00001 /* Cloudflared in Frameworks */ = {isa = PBXBuildFile; productRef = D2C4F00131AA100100B00011 /* Cloudflared */; };
		E7C4A10031BB100100C00001 /* Umami in Frameworks */ = {isa = PBXBuildFile; productRef = E7C4A10031BB100100C00011 /* Umami */; };
/* End PBXBuildFile section */

/* Begin PBXContainerItemProxy section */
		2D63FACF96A1577111D37C0C /* PBXContainerItemProxy */ = {
			isa = PBXContainerItemProxy;
			containerPortal = CC8312762F0CD84D006804BF /* Project object */;
			proxyType = 1;
			remoteGlobalIDString = 0EA2F32A1035EAEEB6704E32;
			remoteInfo = VVTermLiveActivity;
		};
		CC8312932F0CD84E006804BF /* PBXContainerItemProxy */ = {
			isa = PBXContainerItemProxy;
			containerPortal = CC8312762F0CD84D006804BF /* Project object */;
			proxyType = 1;
			remoteGlobalIDString = CC83127D2F0CD84D006804BF;
			remoteInfo = VVTerm;
		};
		CC83129D2F0CD84E006804BF /* PBXContainerItemProxy */ = {
			isa = PBXContainerItemProxy;
			containerPortal = CC8312762F0CD84D006804BF /* Project object */;
			proxyType = 1;
			remoteGlobalIDString = CC83127D2F0CD84D006804BF;
			remoteInfo = VVTerm;
		};
/* End PBXContainerItemProxy section */

/* Begin PBXCopyFilesBuildPhase section */
		8804B4B960F685A60CCAEA62 /* Embed Foundation Extensions */ = {
			isa = PBXCopyFilesBuildPhase;
			buildActionMask = 2147483647;
			dstPath = "";
			dstSubfolderSpec = 13;
			files = (
				4FB0ED9B3F04FE89CE2BD32E /* VVTermLiveActivity.appex in Embed Foundation Extensions */,
			);
			name = "Embed Foundation Extensions";
			runOnlyForDeploymentPostprocessing = 0;
		};
/* End PBXCopyFilesBuildPhase section */

/* Begin PBXFileReference section */
		A089872E7F6345088D2FA637 /* AppIntents.framework */ = {isa = PBXFileReference; lastKnownFileType = wrapper.framework; name = AppIntents.framework; path = System/Library/Frameworks/AppIntents.framework; sourceTree = SDKROOT; };
		CC83127E2F0CD84D006804BF /* VVTerm.app */ = {isa = PBXFileReference; explicitFileType = wrapper.application; includeInIndex = 0; path = VVTerm.app; sourceTree = BUILT_PRODUCTS_DIR; };
		CC8312922F0CD84E006804BF /* VVTermTests.xctest */ = {isa = PBXFileReference; explicitFileType = wrapper.cfbundle; includeInIndex = 0; path = VVTermTests.xctest; sourceTree = BUILT_PRODUCTS_DIR; };
		CC83129C2F0CD84E006804BF /* VVTermUITests.xctest */ = {isa = PBXFileReference; explicitFileType = wrapper.cfbundle; includeInIndex = 0; path = VVTermUITests.xctest; sourceTree = BUILT_PRODUCTS_DIR; };
		CC837B372F0E62F2006804BF /* VVTermStoreKit.storekit */ = {isa = PBXFileReference; lastKnownFileType = text; path = VVTermStoreKit.storekit; sourceTree = "<group>"; };
		F3220D94C71F0D68A0DF623E /* VVTermLiveActivity.appex */ = {isa = PBXFileReference; explicitFileType = "wrapper.app-extension"; includeInIndex = 0; path = VVTermLiveActivity.appex; sourceTree = BUILT_PRODUCTS_DIR; };
/* End PBXFileReference section */

/* Begin PBXFileSystemSynchronizedBuildFileExceptionSet section */
		840DBF6DBCF20C8988B3A244 /* Exceptions for "VVTermLiveActivity" folder in "VVTermLiveActivity" target */ = {
			isa = PBXFileSystemSynchronizedBuildFileExceptionSet;
			membershipExceptions = (
				Info.plist,
			);
			target = 0EA2F32A1035EAEEB6704E32 /* VVTermLiveActivity */;
		};
		CC8312A42F0CD84E006804BF /* Exceptions for "VVTerm" folder in "VVTerm" target */ = {
			isa = PBXFileSystemSynchronizedBuildFileExceptionSet;
			membershipExceptions = (
				Info.plist,
			);
			target = CC83127D2F0CD84D006804BF /* VVTerm */;
		};
/* End PBXFileSystemSynchronizedBuildFileExceptionSet section */

/* Begin PBXFileSystemSynchronizedRootGroup section */
		07A189989926A7D4F3FAE363 /* VVTermShared */ = {
			isa = PBXFileSystemSynchronizedRootGroup;
			path = VVTermShared;
			sourceTree = "<group>";
		};
		7448DABBC8B1AB31C2800F73 /* VVTermLiveActivity */ = {
			isa = PBXFileSystemSynchronizedRootGroup;
			exceptions = (
				840DBF6DBCF20C8988B3A244 /* Exceptions for "VVTermLiveActivity" folder in "VVTermLiveActivity" target */,
			);
			path = VVTermLiveActivity;
			sourceTree = "<group>";
		};
		CC8312802F0CD84D006804BF /* VVTerm */ = {
			isa = PBXFileSystemSynchronizedRootGroup;
			exceptions = (
				CC8312A42F0CD84E006804BF /* Exceptions for "VVTerm" folder in "VVTerm" target */,
			);
			path = VVTerm;
			sourceTree = "<group>";
		};
		CC8312952F0CD84E006804BF /* VVTermTests */ = {
			isa = PBXFileSystemSynchronizedRootGroup;
			path = VVTermTests;
			sourceTree = "<group>";
		};
		CC83129F2F0CD84E006804BF /* VVTermUITests */ = {
			isa = PBXFileSystemSynchronizedRootGroup;
			path = VVTermUITests;
			sourceTree = "<group>";
		};
/* End PBXFileSystemSynchronizedRootGroup section */

/* Begin PBXFrameworksBuildPhase section */
		9B8489730D0FB1A8CACED7F5 /* Frameworks */ = {
			isa = PBXFrameworksBuildPhase;
			buildActionMask = 2147483647;
			files = (
			);
			runOnlyForDeploymentPostprocessing = 0;
		};
		CC83127B2F0CD84D006804BF /* Frameworks */ = {
			isa = PBXFrameworksBuildPhase;
			buildActionMask = 2147483647;
			files = (
				8E5D7C9695EF4C72AD9AB276 /* AppIntents.framework in Frameworks */,
				82B734D4923B7DD325984127 /* ZIPFoundation in Frameworks */,
				D2C4F00131AA100100B00001 /* Cloudflared in Frameworks */,
				D1A7B0C12EAB100100A00001 /* MoshCore in Frameworks */,
				D1A7B0C12EAB100100A00002 /* MoshBootstrap in Frameworks */,
				E7C4A10031BB100100C00001 /* Umami in Frameworks */,
			);
			runOnlyForDeploymentPostprocessing = 0;
		};
		CC83128F2F0CD84E006804BF /* Frameworks */ = {
			isa = PBXFrameworksBuildPhase;
			buildActionMask = 2147483647;
			files = (
			);
			runOnlyForDeploymentPostprocessing = 0;
		};
		CC8312992F0CD84E006804BF /* Frameworks */ = {
			isa = PBXFrameworksBuildPhase;
			buildActionMask = 2147483647;
			files = (
			);
			runOnlyForDeploymentPostprocessing = 0;
		};
/* End PBXFrameworksBuildPhase section */

/* Begin PBXGroup section */
		CC8312752F0CD84D006804BF = {
			isa = PBXGroup;
			children = (
				CC837B372F0E62F2006804BF /* VVTermStoreKit.storekit */,
				CC8312802F0CD84D006804BF /* VVTerm */,
				07A189989926A7D4F3FAE363 /* VVTermShared */,
				7448DABBC8B1AB31C2800F73 /* VVTermLiveActivity */,
				CC8312952F0CD84E006804BF /* VVTermTests */,
				CC83129F2F0CD84E006804BF /* VVTermUITests */,
				CC83127F2F0CD84D006804BF /* Products */,
				CCE343B22F14D398009AB1B8 /* Recovered References */,
			);
			sourceTree = "<group>";
		};
		CC83127F2F0CD84D006804BF /* Products */ = {
			isa = PBXGroup;
			children = (
				CC83127E2F0CD84D006804BF /* VVTerm.app */,
				CC8312922F0CD84E006804BF /* VVTermTests.xctest */,
				CC83129C2F0CD84E006804BF /* VVTermUITests.xctest */,
				F3220D94C71F0D68A0DF623E /* VVTermLiveActivity.appex */,
			);
			name = Products;
			sourceTree = "<group>";
		};
		CCE343B22F14D398009AB1B8 /* Recovered References */ = {
			isa = PBXGroup;
			children = (
				A089872E7F6345088D2FA637 /* AppIntents.framework */,
			);
			name = "Recovered References";
			sourceTree = "<group>";
		};
/* End PBXGroup section */

/* Begin PBXNativeTarget section */
		0EA2F32A1035EAEEB6704E32 /* VVTermLiveActivity */ = {
			isa = PBXNativeTarget;
			buildConfigurationList = 6DF0AE22460ECE4ED896C8F8 /* Build configuration list for PBXNativeTarget "VVTermLiveActivity" */;
			buildPhases = (
				85AB10648A860B3FA83EF85C /* Sources */,
				9B8489730D0FB1A8CACED7F5 /* Frameworks */,
				2836C9EFC09F4AE19597F52E /* Resources */,
			);
			buildRules = (
			);
			dependencies = (
			);
			fileSystemSynchronizedGroups = (
				07A189989926A7D4F3FAE363 /* VVTermShared */,
				7448DABBC8B1AB31C2800F73 /* VVTermLiveActivity */,
			);
			name = VVTermLiveActivity;
			productName = VVTermLiveActivity;
			productReference = F3220D94C71F0D68A0DF623E /* VVTermLiveActivity.appex */;
			productType = "com.apple.product-type.app-extension";
		};
		CC83127D2F0CD84D006804BF /* VVTerm */ = {
			isa = PBXNativeTarget;
			buildConfigurationList = CC8312A52F0CD84E006804BF /* Build configuration list for PBXNativeTarget "VVTerm" */;
			buildPhases = (
				CC83127A2F0CD84D006804BF /* Sources */,
				CC83127B2F0CD84D006804BF /* Frameworks */,
				CC83127C2F0CD84D006804BF /* Resources */,
				8804B4B960F685A60CCAEA62 /* Embed Foundation Extensions */,
			);
			buildRules = (
			);
			dependencies = (
				8C20D610C36384746BDB0653 /* PBXTargetDependency */,
			);
			fileSystemSynchronizedGroups = (
				07A189989926A7D4F3FAE363 /* VVTermShared */,
				CC8312802F0CD84D006804BF /* VVTerm */,
			);
			name = VVTerm;
			packageProductDependencies = (
				1853ABB6CF8195DF93B55895 /* ZIPFoundation */,
				D2C4F00131AA100100B00011 /* Cloudflared */,
				D1A7B0C12EAB100100A00011 /* MoshCore */,
				D1A7B0C12EAB100100A00012 /* MoshBootstrap */,
				E7C4A10031BB100100C00011 /* Umami */,
			);
			productName = VVTerm;
			productReference = CC83127E2F0CD84D006804BF /* VVTerm.app */;
			productType = "com.apple.product-type.application";
		};
		CC8312912F0CD84E006804BF /* VVTermTests */ = {
			isa = PBXNativeTarget;
			buildConfigurationList = CC8312AA2F0CD84E006804BF /* Build configuration list for PBXNativeTarget "VVTermTests" */;
			buildPhases = (
				CC83128E2F0CD84E006804BF /* Sources */,
				CC83128F2F0CD84E006804BF /* Frameworks */,
				CC8312902F0CD84E006804BF /* Resources */,
			);
			buildRules = (
			);
			dependencies = (
				CC8312942F0CD84E006804BF /* PBXTargetDependency */,
			);
			fileSystemSynchronizedGroups = (
				CC8312952F0CD84E006804BF /* VVTermTests */,
			);
			name = VVTermTests;
			packageProductDependencies = (
			);
			productName = VVTermTests;
			productReference = CC8312922F0CD84E006804BF /* VVTermTests.xctest */;
			productType = "com.apple.product-type.bundle.unit-test";
		};
		CC83129B2F0CD84E006804BF /* VVTermUITests */ = {
			isa = PBXNativeTarget;
			buildConfigurationList = CC8312AD2F0CD84E006804BF /* Build configuration list for PBXNativeTarget "VVTermUITests" */;
			buildPhases = (
				CC8312982F0CD84E006804BF /* Sources */,
				CC8312992F0CD84E006804BF /* Frameworks */,
				CC83129A2F0CD84E006804BF /* Resources */,
			);
			buildRules = (
			);
			dependencies = (
				CC83129E2F0CD84E006804BF /* PBXTargetDependency */,
			);
			fileSystemSynchronizedGroups = (
				CC83129F2F0CD84E006804BF /* VVTermUITests */,
			);
			name = VVTermUITests;
			packageProductDependencies = (
			);
			productName = VVTermUITests;
			productReference = CC83129C2F0CD84E006804BF /* VVTermUITests.xctest */;
			productType = "com.apple.product-type.bundle.ui-testing";
		};
/* End PBXNativeTarget section */

/* Begin PBXProject section */
		CC8312762F0CD84D006804BF /* Project object */ = {
			isa = PBXProject;
			attributes = {
				BuildIndependentTargetsInParallel = 1;
				LastSwiftUpdateCheck = 2620;
				LastUpgradeCheck = 2630;
				TargetAttributes = {
					0EA2F32A1035EAEEB6704E32 = {
						CreatedOnToolsVersion = 26.2;
					};
					CC83127D2F0CD84D006804BF = {
						CreatedOnToolsVersion = 26.2;
					};
					CC8312912F0CD84E006804BF = {
						CreatedOnToolsVersion = 26.2;
						TestTargetID = CC83127D2F0CD84D006804BF;
					};
					CC83129B2F0CD84E006804BF = {
						CreatedOnToolsVersion = 26.2;
						TestTargetID = CC83127D2F0CD84D006804BF;
					};
				};
			};
			buildConfigurationList = CC8312792F0CD84D006804BF /* Build configuration list for PBXProject "VVTerm" */;
			developmentRegion = en;
			hasScannedForEncodings = 0;
			knownRegions = (
				en,
				Base,
				"zh-Hans",
				ja,
				th,
				vi,
				pl,
				es,
				uk,
				ru,
				fr,
				be,
				de,
				cs,
				ko,
			);
			mainGroup = CC8312752F0CD84D006804BF;
			minimizedProjectReferenceProxies = 1;
			packageReferences = (
				8BEE7D9B1BB9C3D15D55C283 /* XCRemoteSwiftPackageReference "ZIPFoundation" */,
				D2C4F00131AA100100B00021 /* XCRemoteSwiftPackageReference "swift-cloudflared" */,
				D1A7B0C12EAB100100A00021 /* XCRemoteSwiftPackageReference "swift-mosh" */,
				E7C4A10031BB100100C00021 /* XCRemoteSwiftPackageReference "swift-umami" */,
			);
			preferredProjectObjectVersion = 77;
			productRefGroup = CC83127F2F0CD84D006804BF /* Products */;
			projectDirPath = "";
			projectRoot = "";
			targets = (
				CC83127D2F0CD84D006804BF /* VVTerm */,
				0EA2F32A1035EAEEB6704E32 /* VVTermLiveActivity */,
				CC8312912F0CD84E006804BF /* VVTermTests */,
				CC83129B2F0CD84E006804BF /* VVTermUITests */,
			);
		};
/* End PBXProject section */

/* Begin PBXResourcesBuildPhase section */
		2836C9EFC09F4AE19597F52E /* Resources */ = {
			isa = PBXResourcesBuildPhase;
			buildActionMask = 2147483647;
			files = (
			);
			runOnlyForDeploymentPostprocessing = 0;
		};
		CC83127C2F0CD84D006804BF /* Resources */ = {
			isa = PBXResourcesBuildPhase;
			buildActionMask = 2147483647;
			files = (
			);
			runOnlyForDeploymentPostprocessing = 0;
		};
		CC8312902F0CD84E006804BF /* Resources */ = {
			isa = PBXResourcesBuildPhase;
			buildActionMask = 2147483647;
			files = (
			);
			runOnlyForDeploymentPostprocessing = 0;
		};
		CC83129A2F0CD84E006804BF /* Resources */ = {
			isa = PBXResourcesBuildPhase;
			buildActionMask = 2147483647;
			files = (
			);
			runOnlyForDeploymentPostprocessing = 0;
		};
/* End PBXResourcesBuildPhase section */

/* Begin PBXSourcesBuildPhase section */
		85AB10648A860B3FA83EF85C /* Sources */ = {
			isa = PBXSourcesBuildPhase;
			buildActionMask = 2147483647;
			files = (
			);
			runOnlyForDeploymentPostprocessing = 0;
		};
		CC83127A2F0CD84D006804BF /* Sources */ = {
			isa = PBXSourcesBuildPhase;
			buildActionMask = 2147483647;
			files = (
			);
			runOnlyForDeploymentPostprocessing = 0;
		};
		CC83128E2F0CD84E006804BF /* Sources */ = {
			isa = PBXSourcesBuildPhase;
			buildActionMask = 2147483647;
			files = (
			);
			runOnlyForDeploymentPostprocessing = 0;
		};
		CC8312982F0CD84E006804BF /* Sources */ = {
			isa = PBXSourcesBuildPhase;
			buildActionMask = 2147483647;
			files = (
			);
			runOnlyForDeploymentPostprocessing = 0;
		};
/* End PBXSourcesBuildPhase section */

/* Begin PBXTargetDependency section */
		8C20D610C36384746BDB0653 /* PBXTargetDependency */ = {
			isa = PBXTargetDependency;
			platformFilter = ios;
			target = 0EA2F32A1035EAEEB6704E32 /* VVTermLiveActivity */;
			targetProxy = 2D63FACF96A1577111D37C0C /* PBXContainerItemProxy */;
		};
		CC8312942F0CD84E006804BF /* PBXTargetDependency */ = {
			isa = PBXTargetDependency;
			target = CC83127D2F0CD84D006804BF /* VVTerm */;
			targetProxy = CC8312932F0CD84E006804BF /* PBXContainerItemProxy */;
		};
		CC83129E2F0CD84E006804BF /* PBXTargetDependency */ = {
			isa = PBXTargetDependency;
			target = CC83127D2F0CD84D006804BF /* VVTerm */;
			targetProxy = CC83129D2F0CD84E006804BF /* PBXContainerItemProxy */;
		};
/* End PBXTargetDependency section */

/* Begin XCBuildConfiguration section */
		537AC15AFBCABBBF98C1A867 /* Release */ = {
			isa = XCBuildConfiguration;
			buildSettings = {
				CODE_SIGN_STYLE = Automatic;
				CURRENT_PROJECT_VERSION = 1;
				DEAD_CODE_STRIPPING = YES;
				DEVELOPMENT_TEAM = 5TST9L77LN;
				GENERATE_INFOPLIST_FILE = NO;
				INFOPLIST_FILE = VVTermLiveActivity/Info.plist;
				IPHONEOS_DEPLOYMENT_TARGET = 16.0;
				MARKETING_VERSION = 2.4;
				PRODUCT_BUNDLE_IDENTIFIER = com.wowwest.vvterm.liveactivity;
				PRODUCT_NAME = "$(TARGET_NAME)";
				SKIP_INSTALL = YES;
				SUPPORTED_PLATFORMS = "iphoneos iphonesimulator";
				SWIFT_VERSION = 5.0;
				TARGETED_DEVICE_FAMILY = "1,2";
			};
			name = Release;
		};
		BE426D52CBCDBEDF46FBD0BB /* Debug */ = {
			isa = XCBuildConfiguration;
			buildSettings = {
				CODE_SIGN_STYLE = Automatic;
				CURRENT_PROJECT_VERSION = 1;
				DEAD_CODE_STRIPPING = YES;
				DEVELOPMENT_TEAM = 5TST9L77LN;
				GENERATE_INFOPLIST_FILE = NO;
				INFOPLIST_FILE = VVTermLiveActivity/Info.plist;
				IPHONEOS_DEPLOYMENT_TARGET = 16.0;
				MARKETING_VERSION = 2.4;
				PRODUCT_BUNDLE_IDENTIFIER = com.wowwest.vvterm.liveactivity;
				PRODUCT_NAME = "$(TARGET_NAME)";
				SKIP_INSTALL = YES;
				SUPPORTED_PLATFORMS = "iphoneos iphonesimulator";
				SWIFT_VERSION = 5.0;
				TARGETED_DEVICE_FAMILY = "1,2";
			};
			name = Debug;
		};
		CC8312A62F0CD84E006804BF /* Debug */ = {
			isa = XCBuildConfiguration;
			buildSettings = {
				APS_ENVIRONMENT = development;
				ASSETCATALOG_COMPILER_APPICON_NAME = AppIcon;
				ASSETCATALOG_COMPILER_GLOBAL_ACCENT_COLOR_NAME = AccentColor;
				"CODE_SIGN_ENTITLEMENTS[sdk=iphoneos*]" = "VVTerm-iOS/VVTerm.entitlements";
				"CODE_SIGN_ENTITLEMENTS[sdk=iphonesimulator*]" = "VVTerm-iOS/VVTerm.entitlements";
				"CODE_SIGN_ENTITLEMENTS[sdk=macosx*]" = "VVTerm-macOS/VVTerm.entitlements";
				CODE_SIGN_STYLE = Automatic;
				CURRENT_PROJECT_VERSION = 1;
				DEAD_CODE_STRIPPING = YES;
				DEVELOPMENT_TEAM = 5TST9L77LN;
				ENABLE_APP_SANDBOX = YES;
				ENABLE_HARDENED_RUNTIME = YES;
				ENABLE_INCOMING_NETWORK_CONNECTIONS = NO;
				ENABLE_OUTGOING_NETWORK_CONNECTIONS = YES;
				ENABLE_PREVIEWS = YES;
				ENABLE_RESOURCE_ACCESS_AUDIO_INPUT = YES;
				ENABLE_RESOURCE_ACCESS_BLUETOOTH = NO;
				ENABLE_RESOURCE_ACCESS_CALENDARS = NO;
				ENABLE_RESOURCE_ACCESS_CAMERA = NO;
				ENABLE_RESOURCE_ACCESS_CONTACTS = NO;
				ENABLE_RESOURCE_ACCESS_LOCATION = NO;
				ENABLE_RESOURCE_ACCESS_PRINTING = NO;
				ENABLE_RESOURCE_ACCESS_USB = NO;
				ENABLE_USER_SELECTED_FILES = readonly;
				"EXCLUDED_ARCHS[sdk=macosx*]" = x86_64;
				GENERATE_INFOPLIST_FILE = NO;
				"HEADER_SEARCH_PATHS[sdk=iphoneos*]" = (
					"$(SRCROOT)/Vendor/libghostty/ios/include",
					"$(SRCROOT)/Vendor/libssh2/include",
				);
				"HEADER_SEARCH_PATHS[sdk=iphonesimulator*]" = (
					"$(SRCROOT)/Vendor/libghostty/ios-simulator/include",
					"$(SRCROOT)/Vendor/libssh2/include",
				);
				"HEADER_SEARCH_PATHS[sdk=macosx*]" = (
					"$(SRCROOT)/Vendor/libghostty/include",
					"$(SRCROOT)/Vendor/libssh2/include",
				);
				"INFOPLIST_FILE[sdk=iphoneos*]" = "VVTerm-iOS/Info.plist";
				"INFOPLIST_FILE[sdk=iphonesimulator*]" = "VVTerm-iOS/Info.plist";
				"INFOPLIST_FILE[sdk=macosx*]" = "VVTerm-macOS/Info.plist";
				INFOPLIST_KEY_CFBundleDisplayName = VVTerm;
				INFOPLIST_KEY_CFBundleName = VVTerm;
				INFOPLIST_KEY_LSApplicationCategoryType = "public.app-category.developer-tools";
				INFOPLIST_KEY_NSMicrophoneUsageDescription = "VVTerm needs microphone access to transcribe voice commands to terminal input.";
				INFOPLIST_KEY_NSSpeechRecognitionUsageDescription = "VVTerm uses speech recognition to convert voice to terminal commands.";
				"INFOPLIST_KEY_UIApplicationSceneManifest_Generation[sdk=iphoneos*]" = YES;
				"INFOPLIST_KEY_UIApplicationSceneManifest_Generation[sdk=iphonesimulator*]" = YES;
				"INFOPLIST_KEY_UIApplicationSupportsIndirectInputEvents[sdk=iphoneos*]" = YES;
				"INFOPLIST_KEY_UIApplicationSupportsIndirectInputEvents[sdk=iphonesimulator*]" = YES;
				"INFOPLIST_KEY_UILaunchScreen_Generation[sdk=iphoneos*]" = YES;
				"INFOPLIST_KEY_UILaunchScreen_Generation[sdk=iphonesimulator*]" = YES;
				"INFOPLIST_KEY_UIStatusBarStyle[sdk=iphoneos*]" = UIStatusBarStyleDefault;
				"INFOPLIST_KEY_UIStatusBarStyle[sdk=iphonesimulator*]" = UIStatusBarStyleDefault;
				INFOPLIST_KEY_UISupportedInterfaceOrientations_iPad = "UIInterfaceOrientationPortrait UIInterfaceOrientationPortraitUpsideDown UIInterfaceOrientationLandscapeLeft UIInterfaceOrientationLandscapeRight";
				INFOPLIST_KEY_UISupportedInterfaceOrientations_iPhone = "UIInterfaceOrientationPortrait UIInterfaceOrientationLandscapeLeft UIInterfaceOrientationLandscapeRight";
				IPHONEOS_DEPLOYMENT_TARGET = 16.1;
				ITSAppUsesNonExemptEncryption = YES;
				LD_RUNPATH_SEARCH_PATHS = "@executable_path/Frameworks";
				"LD_RUNPATH_SEARCH_PATHS[sdk=macosx*]" = "@executable_path/../Frameworks";
				"LIBRARY_SEARCH_PATHS[sdk=iphoneos*]" = (
					"$(SRCROOT)/Vendor/libghostty/ios/lib",
					"$(SRCROOT)/Vendor/libssh2/ios/lib",
				);
				"LIBRARY_SEARCH_PATHS[sdk=iphonesimulator*]" = (
					"$(SRCROOT)/Vendor/libghostty/ios-simulator/lib",
					"$(SRCROOT)/Vendor/libssh2/ios-simulator/lib",
				);
				"LIBRARY_SEARCH_PATHS[sdk=macosx*]" = (
					"$(SRCROOT)/Vendor/libghostty/lib",
					"$(SRCROOT)/Vendor/libssh2/macos/lib",
				);
				MACOSX_DEPLOYMENT_TARGET = 13.3;
				MARKETING_VERSION = 2.4;
				"OTHER_LDFLAGS[sdk=iphoneos*]" = (
					"-lghostty",
					"-lssh2",
					"-lssl",
					"-lcrypto",
					"-lc++",
					"-lz",
					"-framework",
					Metal,
					"-framework",
					QuartzCore,
					"-framework",
					UIKit,
				);
				"OTHER_LDFLAGS[sdk=iphonesimulator*]" = (
					"-lghostty",
					"-lssh2",
					"-lssl",
					"-lcrypto",
					"-lc++",
					"-lz",
					"-framework",
					Metal,
					"-framework",
					QuartzCore,
					"-framework",
					UIKit,
				);
				"OTHER_LDFLAGS[sdk=macosx*]" = (
					"-lghostty",
					"-lssh2",
					"-lssl",
					"-lcrypto",
					"-lc++",
					"-lz",
					"-framework",
					Carbon,
					"-framework",
					Metal,
					"-framework",
					QuartzCore,
				);
				OTHER_MTLFLAGS = "-Wno-c++17-extensions";
				PRODUCT_BUNDLE_IDENTIFIER = com.wowwest.vvterm;
				PRODUCT_NAME = "$(TARGET_NAME)";
				"PRODUCT_NAME[sdk=macosx*]" = VVTerm;
				REGISTER_APP_GROUPS = YES;
				SDKROOT = auto;
				STRING_CATALOG_GENERATE_SYMBOLS = YES;
				SUPPORTED_PLATFORMS = "iphoneos iphonesimulator macosx";
				SUPPORTS_MACCATALYST = NO;
				SWIFT_APPROACHABLE_CONCURRENCY = YES;
				SWIFT_DEFAULT_ACTOR_ISOLATION = MainActor;
				SWIFT_EMIT_LOC_STRINGS = YES;
				"SWIFT_OBJC_BRIDGING_HEADER[sdk=iphoneos*]" = "VVTerm/ghostty-bridging-header.h";
				"SWIFT_OBJC_BRIDGING_HEADER[sdk=iphonesimulator*]" = "VVTerm/ghostty-bridging-header.h";
				"SWIFT_OBJC_BRIDGING_HEADER[sdk=macosx*]" = "VVTerm/ghostty-bridging-header.h";
				SWIFT_UPCOMING_FEATURE_MEMBER_IMPORT_VISIBILITY = YES;
				SWIFT_VERSION = 5.0;
				TARGETED_DEVICE_FAMILY = "1,2";
				XROS_DEPLOYMENT_TARGET = 26.2;
			};
			name = Debug;
		};
		CC8312A72F0CD84E006804BF /* Release */ = {
			isa = XCBuildConfiguration;
			buildSettings = {
				APS_ENVIRONMENT = production;
				ASSETCATALOG_COMPILER_APPICON_NAME = AppIcon;
				ASSETCATALOG_COMPILER_GLOBAL_ACCENT_COLOR_NAME = AccentColor;
				"CODE_SIGN_ENTITLEMENTS[sdk=iphoneos*]" = "VVTerm-iOS/VVTerm.entitlements";
				"CODE_SIGN_ENTITLEMENTS[sdk=iphonesimulator*]" = "VVTerm-iOS/VVTerm.entitlements";
				"CODE_SIGN_ENTITLEMENTS[sdk=macosx*]" = "VVTerm-macOS/VVTerm.entitlements";
				CODE_SIGN_STYLE = Automatic;
				CURRENT_PROJECT_VERSION = 1;
				DEAD_CODE_STRIPPING = YES;
				DEVELOPMENT_TEAM = 5TST9L77LN;
				ENABLE_APP_SANDBOX = YES;
				ENABLE_HARDENED_RUNTIME = YES;
				ENABLE_INCOMING_NETWORK_CONNECTIONS = NO;
				ENABLE_OUTGOING_NETWORK_CONNECTIONS = YES;
				ENABLE_PREVIEWS = YES;
				ENABLE_RESOURCE_ACCESS_AUDIO_INPUT = YES;
				ENABLE_RESOURCE_ACCESS_BLUETOOTH = NO;
				ENABLE_RESOURCE_ACCESS_CALENDARS = NO;
				ENABLE_RESOURCE_ACCESS_CAMERA = NO;
				ENABLE_RESOURCE_ACCESS_CONTACTS = NO;
				ENABLE_RESOURCE_ACCESS_LOCATION = NO;
				ENABLE_RESOURCE_ACCESS_PRINTING = NO;
				ENABLE_RESOURCE_ACCESS_USB = NO;
				ENABLE_USER_SELECTED_FILES = readonly;
				"EXCLUDED_ARCHS[sdk=macosx*]" = x86_64;
				GENERATE_INFOPLIST_FILE = NO;
				"HEADER_SEARCH_PATHS[sdk=iphoneos*]" = (
					"$(SRCROOT)/Vendor/libghostty/ios/include",
					"$(SRCROOT)/Vendor/libssh2/include",
				);
				"HEADER_SEARCH_PATHS[sdk=iphonesimulator*]" = (
					"$(SRCROOT)/Vendor/libghostty/ios-simulator/include",
					"$(SRCROOT)/Vendor/libssh2/include",
				);
				"HEADER_SEARCH_PATHS[sdk=macosx*]" = (
					"$(SRCROOT)/Vendor/libghostty/include",
					"$(SRCROOT)/Vendor/libssh2/include",
				);
				"INFOPLIST_FILE[sdk=iphoneos*]" = "VVTerm-iOS/Info.plist";
				"INFOPLIST_FILE[sdk=iphonesimulator*]" = "VVTerm-iOS/Info.plist";
				"INFOPLIST_FILE[sdk=macosx*]" = "VVTerm-macOS/Info.plist";
				INFOPLIST_KEY_CFBundleDisplayName = VVTerm;
				INFOPLIST_KEY_CFBundleName = VVTerm;
				INFOPLIST_KEY_LSApplicationCategoryType = "public.app-category.developer-tools";
				INFOPLIST_KEY_NSMicrophoneUsageDescription = "VVTerm needs microphone access to transcribe voice commands to terminal input.";
				INFOPLIST_KEY_NSSpeechRecognitionUsageDescription = "VVTerm uses speech recognition to convert voice to terminal commands.";
				"INFOPLIST_KEY_UIApplicationSceneManifest_Generation[sdk=iphoneos*]" = YES;
				"INFOPLIST_KEY_UIApplicationSceneManifest_Generation[sdk=iphonesimulator*]" = YES;
				"INFOPLIST_KEY_UIApplicationSupportsIndirectInputEvents[sdk=iphoneos*]" = YES;
				"INFOPLIST_KEY_UIApplicationSupportsIndirectInputEvents[sdk=iphonesimulator*]" = YES;
				"INFOPLIST_KEY_UILaunchScreen_Generation[sdk=iphoneos*]" = YES;
				"INFOPLIST_KEY_UILaunchScreen_Generation[sdk=iphonesimulator*]" = YES;
				"INFOPLIST_KEY_UIStatusBarStyle[sdk=iphoneos*]" = UIStatusBarStyleDefault;
				"INFOPLIST_KEY_UIStatusBarStyle[sdk=iphonesimulator*]" = UIStatusBarStyleDefault;
				INFOPLIST_KEY_UISupportedInterfaceOrientations_iPad = "UIInterfaceOrientationPortrait UIInterfaceOrientationPortraitUpsideDown UIInterfaceOrientationLandscapeLeft UIInterfaceOrientationLandscapeRight";
				INFOPLIST_KEY_UISupportedInterfaceOrientations_iPhone = "UIInterfaceOrientationPortrait UIInterfaceOrientationLandscapeLeft UIInterfaceOrientationLandscapeRight";
				IPHONEOS_DEPLOYMENT_TARGET = 16.1;
				ITSAppUsesNonExemptEncryption = YES;
				LD_RUNPATH_SEARCH_PATHS = "@executable_path/Frameworks";
				"LD_RUNPATH_SEARCH_PATHS[sdk=macosx*]" = "@executable_path/../Frameworks";
				"LIBRARY_SEARCH_PATHS[sdk=iphoneos*]" = (
					"$(SRCROOT)/Vendor/libghostty/ios/lib",
					"$(SRCROOT)/Vendor/libssh2/ios/lib",
				);
				"LIBRARY_SEARCH_PATHS[sdk=iphonesimulator*]" = (
					"$(SRCROOT)/Vendor/libghostty/ios-simulator/lib",
					"$(SRCROOT)/Vendor/libssh2/ios-simulator/lib",
				);
				"LIBRARY_SEARCH_PATHS[sdk=macosx*]" = (
					"$(SRCROOT)/Vendor/libghostty/lib",
					"$(SRCROOT)/Vendor/libssh2/macos/lib",
				);
				MACOSX_DEPLOYMENT_TARGET = 13.3;
				MARKETING_VERSION = 2.4;
				"OTHER_LDFLAGS[sdk=iphoneos*]" = (
					"-lghostty",
					"-lssh2",
					"-lssl",
					"-lcrypto",
					"-lc++",
					"-lz",
					"-framework",
					Metal,
					"-framework",
					QuartzCore,
					"-framework",
					UIKit,
				);
				"OTHER_LDFLAGS[sdk=iphonesimulator*]" = (
					"-lghostty",
					"-lssh2",
					"-lssl",
					"-lcrypto",
					"-lc++",
					"-lz",
					"-framework",
					Metal,
					"-framework",
					QuartzCore,
					"-framework",
					UIKit,
				);
				"OTHER_LDFLAGS[sdk=macosx*]" = (
					"-lghostty",
					"-lssh2",
					"-lssl",
					"-lcrypto",
					"-lc++",
					"-lz",
					"-framework",
					Carbon,
					"-framework",
					Metal,
					"-framework",
					QuartzCore,
				);
				OTHER_MTLFLAGS = "-Wno-c++17-extensions";
				PRODUCT_BUNDLE_IDENTIFIER = com.wowwest.vvterm;
				PRODUCT_NAME = "$(TARGET_NAME)";
				"PRODUCT_NAME[sdk=macosx*]" = VVTerm;
				REGISTER_APP_GROUPS = YES;
				SDKROOT = auto;
				STRING_CATALOG_GENERATE_SYMBOLS = YES;
				SUPPORTED_PLATFORMS = "iphoneos iphonesimulator macosx";
				SUPPORTS_MACCATALYST = NO;
				SWIFT_APPROACHABLE_CONCURRENCY = YES;
				SWIFT_DEFAULT_ACTOR_ISOLATION = MainActor;
				SWIFT_EMIT_LOC_STRINGS = YES;
				"SWIFT_OBJC_BRIDGING_HEADER[sdk=iphoneos*]" = "VVTerm/ghostty-bridging-header.h";
				"SWIFT_OBJC_BRIDGING_HEADER[sdk=iphonesimulator*]" = "VVTerm/ghostty-bridging-header.h";
				"SWIFT_OBJC_BRIDGING_HEADER[sdk=macosx*]" = "VVTerm/ghostty-bridging-header.h";
				SWIFT_UPCOMING_FEATURE_MEMBER_IMPORT_VISIBILITY = YES;
				SWIFT_VERSION = 5.0;
				TARGETED_DEVICE_FAMILY = "1,2";
				XROS_DEPLOYMENT_TARGET = 26.2;
			};
			name = Release;
		};
		CC8312A82F0CD84E006804BF /* Debug */ = {
			isa = XCBuildConfiguration;
			buildSettings = {
				ALWAYS_SEARCH_USER_PATHS = NO;
				ASSETCATALOG_COMPILER_GENERATE_SWIFT_ASSET_SYMBOL_EXTENSIONS = YES;
				CLANG_ANALYZER_LOCALIZABILITY_NONLOCALIZED = YES;
				CLANG_ANALYZER_NONNULL = YES;
				CLANG_ANALYZER_NUMBER_OBJECT_CONVERSION = YES_AGGRESSIVE;
				CLANG_CXX_LANGUAGE_STANDARD = "gnu++20";
				CLANG_ENABLE_MODULES = YES;
				CLANG_ENABLE_OBJC_ARC = YES;
				CLANG_ENABLE_OBJC_WEAK = YES;
				CLANG_WARN_BLOCK_CAPTURE_AUTORELEASING = YES;
				CLANG_WARN_BOOL_CONVERSION = YES;
				CLANG_WARN_COMMA = YES;
				CLANG_WARN_CONSTANT_CONVERSION = YES;
				CLANG_WARN_DEPRECATED_OBJC_IMPLEMENTATIONS = YES;
				CLANG_WARN_DIRECT_OBJC_ISA_USAGE = YES_ERROR;
				CLANG_WARN_DOCUMENTATION_COMMENTS = YES;
				CLANG_WARN_EMPTY_BODY = YES;
				CLANG_WARN_ENUM_CONVERSION = YES;
				CLANG_WARN_INFINITE_RECURSION = YES;
				CLANG_WARN_INT_CONVERSION = YES;
				CLANG_WARN_NON_LITERAL_NULL_CONVERSION = YES;
				CLANG_WARN_OBJC_IMPLICIT_RETAIN_SELF = YES;
				CLANG_WARN_OBJC_LITERAL_CONVERSION = YES;
				CLANG_WARN_OBJC_ROOT_CLASS = YES_ERROR;
				CLANG_WARN_QUOTED_INCLUDE_IN_FRAMEWORK_HEADER = YES;
				CLANG_WARN_RANGE_LOOP_ANALYSIS = YES;
				CLANG_WARN_STRICT_PROTOTYPES = YES;
				CLANG_WARN_SUSPICIOUS_MOVE = YES;
				CLANG_WARN_UNGUARDED_AVAILABILITY = YES_AGGRESSIVE;
				CLANG_WARN_UNREACHABLE_CODE = YES;
				CLANG_WARN__DUPLICATE_METHOD_MATCH = YES;
				COPY_PHASE_STRIP = NO;
				DEAD_CODE_STRIPPING = YES;
				DEBUG_INFORMATION_FORMAT = dwarf;
				DEVELOPMENT_TEAM = QW4U57CXJX;
				ENABLE_STRICT_OBJC_MSGSEND = YES;
				ENABLE_TESTABILITY = YES;
				ENABLE_USER_SCRIPT_SANDBOXING = YES;
				GCC_C_LANGUAGE_STANDARD = gnu17;
				GCC_DYNAMIC_NO_PIC = NO;
				GCC_NO_COMMON_BLOCKS = YES;
				GCC_OPTIMIZATION_LEVEL = 0;
				GCC_PREPROCESSOR_DEFINITIONS = (
					"DEBUG=1",
					"$(inherited)",
				);
				GCC_WARN_64_TO_32_BIT_CONVERSION = YES;
				GCC_WARN_ABOUT_RETURN_TYPE = YES_ERROR;
				GCC_WARN_UNDECLARED_SELECTOR = YES;
				GCC_WARN_UNINITIALIZED_AUTOS = YES_AGGRESSIVE;
				GCC_WARN_UNUSED_FUNCTION = YES;
				GCC_WARN_UNUSED_VARIABLE = YES;
				LOCALIZATION_PREFERS_STRING_CATALOGS = YES;
				MTL_ENABLE_DEBUG_INFO = INCLUDE_SOURCE;
				MTL_FAST_MATH = YES;
				ONLY_ACTIVE_ARCH = YES;
				STRING_CATALOG_GENERATE_SYMBOLS = YES;
				SWIFT_ACTIVE_COMPILATION_CONDITIONS = "DEBUG $(inherited)";
				SWIFT_OPTIMIZATION_LEVEL = "-Onone";
			};
			name = Debug;
		};
		CC8312A92F0CD84E006804BF /* Release */ = {
			isa = XCBuildConfiguration;
			buildSettings = {
				ALWAYS_SEARCH_USER_PATHS = NO;
				ASSETCATALOG_COMPILER_GENERATE_SWIFT_ASSET_SYMBOL_EXTENSIONS = YES;
				CLANG_ANALYZER_LOCALIZABILITY_NONLOCALIZED = YES;
				CLANG_ANALYZER_NONNULL = YES;
				CLANG_ANALYZER_NUMBER_OBJECT_CONVERSION = YES_AGGRESSIVE;
				CLANG_CXX_LANGUAGE_STANDARD = "gnu++20";
				CLANG_ENABLE_MODULES = YES;
				CLANG_ENABLE_OBJC_ARC = YES;
				CLANG_ENABLE_OBJC_WEAK = YES;
				CLANG_WARN_BLOCK_CAPTURE_AUTORELEASING = YES;
				CLANG_WARN_BOOL_CONVERSION = YES;
				CLANG_WARN_COMMA = YES;
				CLANG_WARN_CONSTANT_CONVERSION = YES;
				CLANG_WARN_DEPRECATED_OBJC_IMPLEMENTATIONS = YES;
				CLANG_WARN_DIRECT_OBJC_ISA_USAGE = YES_ERROR;
				CLANG_WARN_DOCUMENTATION_COMMENTS = YES;
				CLANG_WARN_EMPTY_BODY = YES;
				CLANG_WARN_ENUM_CONVERSION = YES;
				CLANG_WARN_INFINITE_RECURSION = YES;
				CLANG_WARN_INT_CONVERSION = YES;
				CLANG_WARN_NON_LITERAL_NULL_CONVERSION = YES;
				CLANG_WARN_OBJC_IMPLICIT_RETAIN_SELF = YES;
				CLANG_WARN_OBJC_LITERAL_CONVERSION = YES;
				CLANG_WARN_OBJC_ROOT_CLASS = YES_ERROR;
				CLANG_WARN_QUOTED_INCLUDE_IN_FRAMEWORK_HEADER = YES;
				CLANG_WARN_RANGE_LOOP_ANALYSIS = YES;
				CLANG_WARN_STRICT_PROTOTYPES = YES;
				CLANG_WARN_SUSPICIOUS_MOVE = YES;
				CLANG_WARN_UNGUARDED_AVAILABILITY = YES_AGGRESSIVE;
				CLANG_WARN_UNREACHABLE_CODE = YES;
				CLANG_WARN__DUPLICATE_METHOD_MATCH = YES;
				COPY_PHASE_STRIP = NO;
				DEAD_CODE_STRIPPING = YES;
				DEBUG_INFORMATION_FORMAT = "dwarf-with-dsym";
				DEVELOPMENT_TEAM = QW4U57CXJX;
				ENABLE_NS_ASSERTIONS = NO;
				ENABLE_STRICT_OBJC_MSGSEND = YES;
				ENABLE_USER_SCRIPT_SANDBOXING = YES;
				GCC_C_LANGUAGE_STANDARD = gnu17;
				GCC_NO_COMMON_BLOCKS = YES;
				GCC_WARN_64_TO_32_BIT_CONVERSION = YES;
				GCC_WARN_ABOUT_RETURN_TYPE = YES_ERROR;
				GCC_WARN_UNDECLARED_SELECTOR = YES;
				GCC_WARN_UNINITIALIZED_AUTOS = YES_AGGRESSIVE;
				GCC_WARN_UNUSED_FUNCTION = YES;
				GCC_WARN_UNUSED_VARIABLE = YES;
				LOCALIZATION_PREFERS_STRING_CATALOGS = YES;
				MTL_ENABLE_DEBUG_INFO = NO;
				MTL_FAST_MATH = YES;
				STRING_CATALOG_GENERATE_SYMBOLS = YES;
				SWIFT_COMPILATION_MODE = wholemodule;
			};
			name = Release;
		};
		CC8312AB2F0CD84E006804BF /* Debug */ = {
			isa = XCBuildConfiguration;
			buildSettings = {
				BUNDLE_LOADER = "$(TEST_HOST)";
				CODE_SIGN_STYLE = Automatic;
				CURRENT_PROJECT_VERSION = 1;
				DEAD_CODE_STRIPPING = YES;
				DEVELOPMENT_TEAM = QW4U57CXJX;
				GENERATE_INFOPLIST_FILE = YES;
				"HEADER_SEARCH_PATHS[sdk=iphoneos*]" = (
					"$(SRCROOT)/Vendor/libghostty/ios/include",
					"$(SRCROOT)/Vendor/libssh2/include",
				);
				"HEADER_SEARCH_PATHS[sdk=iphonesimulator*]" = (
					"$(SRCROOT)/Vendor/libghostty/ios-simulator/include",
					"$(SRCROOT)/Vendor/libssh2/include",
				);
				"HEADER_SEARCH_PATHS[sdk=macosx*]" = (
					"$(SRCROOT)/Vendor/libghostty/include",
					"$(SRCROOT)/Vendor/libssh2/include",
				);
				IPHONEOS_DEPLOYMENT_TARGET = 16.1;
				MACOSX_DEPLOYMENT_TARGET = 13.3;
				MARKETING_VERSION = 2.4;
				PRODUCT_BUNDLE_IDENTIFIER = app.vivy.VivyTermTests;
				PRODUCT_NAME = "$(TARGET_NAME)";
				SDKROOT = auto;
				STRING_CATALOG_GENERATE_SYMBOLS = NO;
				SUPPORTED_PLATFORMS = "iphoneos iphonesimulator macosx xros xrsimulator";
				SWIFT_APPROACHABLE_CONCURRENCY = YES;
				SWIFT_EMIT_LOC_STRINGS = NO;
				SWIFT_UPCOMING_FEATURE_MEMBER_IMPORT_VISIBILITY = YES;
				SWIFT_VERSION = 5.0;
				TARGETED_DEVICE_FAMILY = "1,2,7";
				TEST_HOST = "$(BUILT_PRODUCTS_DIR)/VVTerm.app/$(BUNDLE_EXECUTABLE_FOLDER_PATH)/VVTerm";
				XROS_DEPLOYMENT_TARGET = 26.2;
			};
			name = Debug;
		};
		CC8312AC2F0CD84E006804BF /* Release */ = {
			isa = XCBuildConfiguration;
			buildSettings = {
				BUNDLE_LOADER = "$(TEST_HOST)";
				CODE_SIGN_STYLE = Automatic;
				CURRENT_PROJECT_VERSION = 1;
				DEAD_CODE_STRIPPING = YES;
				DEVELOPMENT_TEAM = QW4U57CXJX;
				GENERATE_INFOPLIST_FILE = YES;
				"HEADER_SEARCH_PATHS[sdk=iphoneos*]" = (
					"$(SRCROOT)/Vendor/libghostty/ios/include",
					"$(SRCROOT)/Vendor/libssh2/include",
				);
				"HEADER_SEARCH_PATHS[sdk=iphonesimulator*]" = (
					"$(SRCROOT)/Vendor/libghostty/ios-simulator/include",
					"$(SRCROOT)/Vendor/libssh2/include",
				);
				"HEADER_SEARCH_PATHS[sdk=macosx*]" = (
					"$(SRCROOT)/Vendor/libghostty/include",
					"$(SRCROOT)/Vendor/libssh2/include",
				);
				IPHONEOS_DEPLOYMENT_TARGET = 16.1;
				MACOSX_DEPLOYMENT_TARGET = 13.3;
				MARKETING_VERSION = 2.4;
				PRODUCT_BUNDLE_IDENTIFIER = app.vivy.VivyTermTests;
				PRODUCT_NAME = "$(TARGET_NAME)";
				SDKROOT = auto;
				STRING_CATALOG_GENERATE_SYMBOLS = NO;
				SUPPORTED_PLATFORMS = "iphoneos iphonesimulator macosx xros xrsimulator";
				SWIFT_APPROACHABLE_CONCURRENCY = YES;
				SWIFT_EMIT_LOC_STRINGS = NO;
				SWIFT_UPCOMING_FEATURE_MEMBER_IMPORT_VISIBILITY = YES;
				SWIFT_VERSION = 5.0;
				TARGETED_DEVICE_FAMILY = "1,2,7";
				TEST_HOST = "$(BUILT_PRODUCTS_DIR)/VVTerm.app/$(BUNDLE_EXECUTABLE_FOLDER_PATH)/VVTerm";
				XROS_DEPLOYMENT_TARGET = 26.2;
			};
			name = Release;
		};
		CC8312AE2F0CD84E006804BF /* Debug */ = {
			isa = XCBuildConfiguration;
			buildSettings = {
				CODE_SIGN_STYLE = Automatic;
				CURRENT_PROJECT_VERSION = 1;
				DEAD_CODE_STRIPPING = YES;
				DEVELOPMENT_TEAM = QW4U57CXJX;
				GENERATE_INFOPLIST_FILE = YES;
				IPHONEOS_DEPLOYMENT_TARGET = 16.1;
				MACOSX_DEPLOYMENT_TARGET = 13.3;
				MARKETING_VERSION = 2.4;
				PRODUCT_BUNDLE_IDENTIFIER = app.vivy.VivyTermUITests;
				PRODUCT_NAME = "$(TARGET_NAME)";
				SDKROOT = auto;
				STRING_CATALOG_GENERATE_SYMBOLS = NO;
				SUPPORTED_PLATFORMS = "iphoneos iphonesimulator macosx xros xrsimulator";
				SWIFT_APPROACHABLE_CONCURRENCY = YES;
				SWIFT_EMIT_LOC_STRINGS = NO;
				SWIFT_UPCOMING_FEATURE_MEMBER_IMPORT_VISIBILITY = YES;
				SWIFT_VERSION = 5.0;
				TARGETED_DEVICE_FAMILY = "1,2,7";
				TEST_TARGET_NAME = VVTerm;
				XROS_DEPLOYMENT_TARGET = 26.2;
			};
			name = Debug;
		};
		CC8312AF2F0CD84E006804BF /* Release */ = {
			isa = XCBuildConfiguration;
			buildSettings = {
				CODE_SIGN_STYLE = Automatic;
				CURRENT_PROJECT_VERSION = 1;
				DEAD_CODE_STRIPPING = YES;
				DEVELOPMENT_TEAM = QW4U57CXJX;
				GENERATE_INFOPLIST_FILE = YES;
				IPHONEOS_DEPLOYMENT_TARGET = 16.1;
				MACOSX_DEPLOYMENT_TARGET = 13.3;
				MARKETING_VERSION = 2.4;
				PRODUCT_BUNDLE_IDENTIFIER = app.vivy.VivyTermUITests;
				PRODUCT_NAME = "$(TARGET_NAME)";
				SDKROOT = auto;
				STRING_CATALOG_GENERATE_SYMBOLS = NO;
				SUPPORTED_PLATFORMS = "iphoneos iphonesimulator macosx xros xrsimulator";
				SWIFT_APPROACHABLE_CONCURRENCY = YES;
				SWIFT_EMIT_LOC_STRINGS = NO;
				SWIFT_UPCOMING_FEATURE_MEMBER_IMPORT_VISIBILITY = YES;
				SWIFT_VERSION = 5.0;
				TARGETED_DEVICE_FAMILY = "1,2,7";
				TEST_TARGET_NAME = VVTerm;
				XROS_DEPLOYMENT_TARGET = 26.2;
			};
			name = Release;
		};
/* End XCBuildConfiguration section */

/* Begin XCConfigurationList section */
		6DF0AE22460ECE4ED896C8F8 /* Build configuration list for PBXNativeTarget "VVTermLiveActivity" */ = {
			isa = XCConfigurationList;
			buildConfigurations = (
				BE426D52CBCDBEDF46FBD0BB /* Debug */,
				537AC15AFBCABBBF98C1A867 /* Release */,
			);
			defaultConfigurationIsVisible = 0;
			defaultConfigurationName = Release;
		};
		CC8312792F0CD84D006804BF /* Build configuration list for PBXProject "VVTerm" */ = {
			isa = XCConfigurationList;
			buildConfigurations = (
				CC8312A82F0CD84E006804BF /* Debug */,
				CC8312A92F0CD84E006804BF /* Release */,
			);
			defaultConfigurationIsVisible = 0;
			defaultConfigurationName = Release;
		};
		CC8312A52F0CD84E006804BF /* Build configuration list for PBXNativeTarget "VVTerm" */ = {
			isa = XCConfigurationList;
			buildConfigurations = (
				CC8312A62F0CD84E006804BF /* Debug */,
				CC8312A72F0CD84E006804BF /* Release */,
			);
			defaultConfigurationIsVisible = 0;
			defaultConfigurationName = Release;
		};
		CC8312AA2F0CD84E006804BF /* Build configuration list for PBXNativeTarget "VVTermTests" */ = {
			isa = XCConfigurationList;
			buildConfigurations = (
				CC8312AB2F0CD84E006804BF /* Debug */,
				CC8312AC2F0CD84E006804BF /* Release */,
			);
			defaultConfigurationIsVisible = 0;
			defaultConfigurationName = Release;
		};
		CC8312AD2F0CD84E006804BF /* Build configuration list for PBXNativeTarget "VVTermUITests" */ = {
			isa = XCConfigurationList;
			buildConfigurations = (
				CC8312AE2F0CD84E006804BF /* Debug */,
				CC8312AF2F0CD84E006804BF /* Release */,
			);
			defaultConfigurationIsVisible = 0;
			defaultConfigurationName = Release;
		};
/* End XCConfigurationList section */

/* Begin XCRemoteSwiftPackageReference section */
		8BEE7D9B1BB9C3D15D55C283 /* XCRemoteSwiftPackageReference "ZIPFoundation" */ = {
			isa = XCRemoteSwiftPackageReference;
			repositoryURL = "https://github.com/weichsel/ZIPFoundation.git";
			requirement = {
				kind = upToNextMajorVersion;
				minimumVersion = 0.9.9;
			};
		};
		D1A7B0C12EAB100100A00021 /* XCRemoteSwiftPackageReference "swift-mosh" */ = {
			isa = XCRemoteSwiftPackageReference;
			repositoryURL = "https://github.com/wiedymi/swift-mosh";
			requirement = {
				kind = exactVersion;
				version = 0.1.6;
			};
		};
		D2C4F00131AA100100B00021 /* XCRemoteSwiftPackageReference "swift-cloudflared" */ = {
			isa = XCRemoteSwiftPackageReference;
			repositoryURL = "https://github.com/wiedymi/swift-cloudflared.git";
			requirement = {
				kind = exactVersion;
				version = 0.1.2;
			};
		};
		E7C4A10031BB100100C00021 /* XCRemoteSwiftPackageReference "swift-umami" */ = {
			isa = XCRemoteSwiftPackageReference;
			repositoryURL = "https://github.com/wiedymi/swift-umami";
			requirement = {
				branch = main;
				kind = branch;
			};
		};
/* End XCRemoteSwiftPackageReference section */

/* Begin XCSwiftPackageProductDependency section */
		1853ABB6CF8195DF93B55895 /* ZIPFoundation */ = {
			isa = XCSwiftPackageProductDependency;
			package = 8BEE7D9B1BB9C3D15D55C283 /* XCRemoteSwiftPackageReference "ZIPFoundation" */;
			productName = ZIPFoundation;
		};
		D1A7B0C12EAB100100A00011 /* MoshCore */ = {
			isa = XCSwiftPackageProductDependency;
			package = D1A7B0C12EAB100100A00021 /* XCRemoteSwiftPackageReference "swift-mosh" */;
			productName = MoshCore;
		};
		D1A7B0C12EAB100100A00012 /* MoshBootstrap */ = {
			isa = XCSwiftPackageProductDependency;
			package = D1A7B0C12EAB100100A00021 /* XCRemoteSwiftPackageReference "swift-mosh" */;
			productName = MoshBootstrap;
		};
		D2C4F00131AA100100B00011 /* Cloudflared */ = {
			isa = XCSwiftPackageProductDependency;
			package = D2C4F00131AA100100B00021 /* XCRemoteSwiftPackageReference "swift-cloudflared" */;
			productName = Cloudflared;
		};
		E7C4A10031BB100100C00011 /* Umami */ = {
			isa = XCSwiftPackageProductDependency;
			package = E7C4A10031BB100100C00021 /* XCRemoteSwiftPackageReference "swift-umami" */;
			productName = Umami;
		};
/* End XCSwiftPackageProductDependency section */
	};
	rootObject = CC8312762F0CD84D006804BF /* Project object */;
}
